
Microsoft Visual Studio Solution File, Format Version 12.00
# Visual Studio 15
Project("{FAE04EC0-301F-11D3-BF4B-00C04F79EFBC}") = "TwitchIntegration", "TwitchIntegration.csproj", "{B8416900-EF24-DACA-DC58-AB1B0512BF71}"
EndProject
Project("{FAE04EC0-301F-11D3-BF4B-00C04F79EFBC}") = "TwitchIntegrationEditor", "TwitchIntegrationEditor.csproj", "{12409A1F-34E0-829C-B520-D7529A5FE8CB}"
EndProject
Project("{FAE04EC0-301F-11D3-BF4B-00C04F79EFBC}") = "Assembly-CSharp", "Assembly-CSharp.csproj", "{53F69351-B03C-DA7D-06CF-FC70D849748A}"
EndProject
Global
	GlobalSection(SolutionConfigurationPlatforms) = preSolution
		Debug|Any CPU = Debug|Any CPU
		Release|Any CPU = Release|Any CPU
	EndGlobalSection
	GlobalSection(ProjectConfigurationPlatforms) = postSolution
		{B8416900-EF24-DACA-DC58-AB1B0512BF71}.Debug|Any CPU.ActiveCfg = Debug|Any CPU
		{B8416900-EF24-DACA-DC58-AB1B0512BF71}.Debug|Any CPU.Build.0 = Debug|Any CPU
		{B8416900-EF24-DACA-DC58-AB1B0512BF71}.Release|Any CPU.ActiveCfg = Release|Any CPU
		{B8416900-EF24-DACA-DC58-AB1B0512BF71}.Release|Any CPU.Build.0 = Release|Any CPU
		{12409A1F-34E0-829C-B520-D7529A5FE8CB}.Debug|Any CPU.ActiveCfg = Debug|Any CPU
		{12409A1F-34E0-829C-B520-D7529A5FE8CB}.Debug|Any CPU.Build.0 = Debug|Any CPU
		{12409A1F-34E0-829C-B520-D7529A5FE8CB}.Release|Any CPU.ActiveCfg = Release|Any CPU
		{12409A1F-34E0-829C-B520-D7529A5FE8CB}.Release|Any CPU.Build.0 = Release|Any CPU
		{53F69351-B03C-DA7D-06CF-FC70D849748A}.Debug|Any CPU.ActiveCfg = Debug|Any CPU
		{53F69351-B03C-DA7D-06CF-FC70D849748A}.Debug|Any CPU.Build.0 = Debug|Any CPU
		{53F69351-B03C-DA7D-06CF-FC70D849748A}.Release|Any CPU.ActiveCfg = Release|Any CPU
		{53F69351-B03C-DA7D-06CF-FC70D849748A}.Release|Any CPU.Build.0 = Release|Any CPU
	EndGlobalSection
	GlobalSection(SolutionProperties) = preSolution
		HideSolutionNode = FALSE
	EndGlobalSection
EndGlobal
